
Microsoft Visual Studio Solution File, Format Version 12.00
# Visual Studio Version 17
VisualStudioVersion = 17.5.002.0
MinimumVisualStudioVersion = 10.0.40219.1
Project("{9A19103F-16F7-4668-BE54-9A1E7A4F7556}") = "ejercicio2", "ejercicio2.csproj", "{69FD48DD-52A7-465D-B26F-126A4A0FDA51}"
EndProject
Global
	GlobalSection(SolutionConfigurationPlatforms) = preSolution
		Debug|Any CPU = Debug|Any CPU
		Release|Any CPU = Release|Any CPU
	EndGlobalSection
	GlobalSection(ProjectConfigurationPlatforms) = postSolution
		{69FD48DD-52A7-465D-B26F-126A4A0FDA51}.Debug|Any CPU.ActiveCfg = Debug|Any CPU
		{69FD48DD-52A7-465D-B26F-126A4A0FDA51}.Debug|Any CPU.Build.0 = Debug|Any CPU
		{69FD48DD-52A7-465D-B26F-126A4A0FDA51}.Release|Any CPU.ActiveCfg = Release|Any CPU
		{69FD48DD-52A7-465D-B26F-126A4A0FDA51}.Release|Any CPU.Build.0 = Release|Any CPU
	EndGlobalSection
	GlobalSection(SolutionProperties) = preSolution
		HideSolutionNode = FALSE
	EndGlobalSection
	GlobalSection(ExtensibilityGlobals) = postSolution
		SolutionGuid = {B07AE08C-375B-49D8-B984-D04EDFAE62C9}
	EndGlobalSection
EndGlobal
